
Microsoft Visual Studio Solution File, Format Version 12.00
Project("{FAE04EC0-301F-11D3-BF4B-00C04F79EFBC}") = "Server", "Server\Server.csproj", "{B6159BAB-FD9B-4ABC-9B20-CB69B553B449}"
EndProject
Project("{FAE04EC0-301F-11D3-BF4B-00C04F79EFBC}") = "BaseLibrary", "BaseLibrary\BaseLibrary.csproj", "{A05243FD-F753-4F10-966D-BF6C2CADB8A6}"
EndProject
Project("{FAE04EC0-301F-11D3-BF4B-00C04F79EFBC}") = "ClientLibrary", "ClientLibrary\ClientLibrary.csproj", "{AC8E462D-2914-4A0B-846B-E5054B21CF61}"
EndProject
Project("{FAE04EC0-301F-11D3-BF4B-00C04F79EFBC}") = "ServerLibrary", "ServerLibrary\ServerLibrary.csproj", "{0A125D8E-76FA-4366-8100-CC19182AFF87}"
EndProject
Project("{FAE04EC0-301F-11D3-BF4B-00C04F79EFBC}") = "ClientApp", "ClientApp\ClientApp.csproj", "{1C2CCB30-6E53-4BB6-A9F1-DE32D4B6742F}"
EndProject
Project("{FAE04EC0-301F-11D3-BF4B-00C04F79EFBC}") = "AppHost", "AppHost\AppHost.csproj", "{EDE6A5E5-5312-47FF-BFBE-984CE64F336F}"
EndProject
Global
	GlobalSection(SolutionConfigurationPlatforms) = preSolution
		Debug|Any CPU = Debug|Any CPU
		Release|Any CPU = Release|Any CPU
	EndGlobalSection
	GlobalSection(ProjectConfigurationPlatforms) = postSolution
		{B6159BAB-FD9B-4ABC-9B20-CB69B553B449}.Debug|Any CPU.ActiveCfg = Debug|Any CPU
		{B6159BAB-FD9B-4ABC-9B20-CB69B553B449}.Debug|Any CPU.Build.0 = Debug|Any CPU
		{B6159BAB-FD9B-4ABC-9B20-CB69B553B449}.Release|Any CPU.ActiveCfg = Release|Any CPU
		{B6159BAB-FD9B-4ABC-9B20-CB69B553B449}.Release|Any CPU.Build.0 = Release|Any CPU
		{A05243FD-F753-4F10-966D-BF6C2CADB8A6}.Debug|Any CPU.ActiveCfg = Debug|Any CPU
		{A05243FD-F753-4F10-966D-BF6C2CADB8A6}.Debug|Any CPU.Build.0 = Debug|Any CPU
		{A05243FD-F753-4F10-966D-BF6C2CADB8A6}.Release|Any CPU.ActiveCfg = Release|Any CPU
		{A05243FD-F753-4F10-966D-BF6C2CADB8A6}.Release|Any CPU.Build.0 = Release|Any CPU
		{AC8E462D-2914-4A0B-846B-E5054B21CF61}.Debug|Any CPU.ActiveCfg = Debug|Any CPU
		{AC8E462D-2914-4A0B-846B-E5054B21CF61}.Debug|Any CPU.Build.0 = Debug|Any CPU
		{AC8E462D-2914-4A0B-846B-E5054B21CF61}.Release|Any CPU.ActiveCfg = Release|Any CPU
		{AC8E462D-2914-4A0B-846B-E5054B21CF61}.Release|Any CPU.Build.0 = Release|Any CPU
		{0A125D8E-76FA-4366-8100-CC19182AFF87}.Debug|Any CPU.ActiveCfg = Debug|Any CPU
		{0A125D8E-76FA-4366-8100-CC19182AFF87}.Debug|Any CPU.Build.0 = Debug|Any CPU
		{0A125D8E-76FA-4366-8100-CC19182AFF87}.Release|Any CPU.ActiveCfg = Release|Any CPU
		{0A125D8E-76FA-4366-8100-CC19182AFF87}.Release|Any CPU.Build.0 = Release|Any CPU
		{1C2CCB30-6E53-4BB6-A9F1-DE32D4B6742F}.Debug|Any CPU.ActiveCfg = Debug|Any CPU
		{1C2CCB30-6E53-4BB6-A9F1-DE32D4B6742F}.Debug|Any CPU.Build.0 = Debug|Any CPU
		{1C2CCB30-6E53-4BB6-A9F1-DE32D4B6742F}.Release|Any CPU.ActiveCfg = Release|Any CPU
		{1C2CCB30-6E53-4BB6-A9F1-DE32D4B6742F}.Release|Any CPU.Build.0 = Release|Any CPU
		{EDE6A5E5-5312-47FF-BFBE-984CE64F336F}.Debug|Any CPU.ActiveCfg = Debug|Any CPU
		{EDE6A5E5-5312-47FF-BFBE-984CE64F336F}.Debug|Any CPU.Build.0 = Debug|Any CPU
		{EDE6A5E5-5312-47FF-BFBE-984CE64F336F}.Release|Any CPU.ActiveCfg = Release|Any CPU
		{EDE6A5E5-5312-47FF-BFBE-984CE64F336F}.Release|Any CPU.Build.0 = Release|Any CPU
	EndGlobalSection
EndGlobal
